
Microsoft Visual Studio Solution File, Format Version 12.00
# Visual Studio 2013
VisualStudioVersion = 12.0.40629.0
MinimumVisualStudioVersion = 10.0.40219.1
Project("{FAE04EC0-301F-11D3-BF4B-00C04F79EFBC}") = "DocuSign.eSign", "DocuSign.eSign.csproj", "{D2407295-F8C4-459A-BF23-9C98F9945C6A}"
EndProject
Project("{2150E333-8FDC-42A3-9474-1A3956D46DE8}") = ".nuget", ".nuget", "{195F4642-6B1D-4A2A-B69E-2119C244081F}"
EndProject
Global
	GlobalSection(SolutionConfigurationPlatforms) = preSolution
		Debug|Any CPU = Debug|Any CPU
		Release|Any CPU = Release|Any CPU
	EndGlobalSection
	GlobalSection(ProjectConfigurationPlatforms) = postSolution
		{D2407295-F8C4-459A-BF23-9C98F9945C6A}.Debug|Any CPU.ActiveCfg = Debug|Any CPU
		{D2407295-F8C4-459A-BF23-9C98F9945C6A}.Debug|Any CPU.Build.0 = Debug|Any CPU
		{D2407295-F8C4-459A-BF23-9C98F9945C6A}.Release|Any CPU.ActiveCfg = Release|Any CPU
		{D2407295-F8C4-459A-BF23-9C98F9945C6A}.Release|Any CPU.Build.0 = Release|Any CPU
	EndGlobalSection
	GlobalSection(SolutionProperties) = preSolution
		HideSolutionNode = FALSE
	EndGlobalSection
EndGlobal
